
Microsoft Visual Studio Solution File, Format Version 12.00
# Visual Studio Version 16
VisualStudioVersion = 16.0.30011.22
MinimumVisualStudioVersion = 10.0.40219.1
Project("{FAE04EC0-301F-11D3-BF4B-00C04F79EFBC}") = "RetentionUnit", "RetentionUnit\RetentionUnit.csproj", "{06BE2AE4-435C-4ECB-A13B-66AF683AA730}"
EndProject
Global
	GlobalSection(SolutionConfigurationPlatforms) = preSolution
		Debug|Any CPU = Debug|Any CPU
		Release|Any CPU = Release|Any CPU
	EndGlobalSection
	GlobalSection(ProjectConfigurationPlatforms) = postSolution
		{06BE2AE4-435C-4ECB-A13B-66AF683AA730}.Debug|Any CPU.ActiveCfg = Debug|Any CPU
		{06BE2AE4-435C-4ECB-A13B-66AF683AA730}.Debug|Any CPU.Build.0 = Debug|Any CPU
		{06BE2AE4-435C-4ECB-A13B-66AF683AA730}.Release|Any CPU.ActiveCfg = Release|Any CPU
		{06BE2AE4-435C-4ECB-A13B-66AF683AA730}.Release|Any CPU.Build.0 = Release|Any CPU
	EndGlobalSection
	GlobalSection(SolutionProperties) = preSolution
		HideSolutionNode = FALSE
	EndGlobalSection
	GlobalSection(ExtensibilityGlobals) = postSolution
		SolutionGuid = {851A7E57-0992-4685-A721-A6045159E377}
	EndGlobalSection
EndGlobal
